// !$*UTF8*$!
{
	archiveVersion = 1;
	classes = {
	};
	objectVersion = 55;
	objects = {

/* Begin PBXBuildFile section */
		8C6FACCA28D1C17000566EA9 /* HackwichTwoApp.swift in Sources */ = {isa = PBXBuildFile; fileRef = 8C6FACC928D1C17000566EA9 /* HackwichTwoApp.swift */; };
		8C6FACCC28D1C17000566EA9 /* ContentView.swift in Sources */ = {isa = PBXBuildFile; fileRef = 8C6FACCB28D1C17000566EA9 /* ContentView.swift */; };
		8C6FACCE28D1C17300566EA9 /* Assets.xcassets in Resources */ = {isa = PBXBuildFile; fileRef = 8C6FACCD28D1C17300566EA9 /* Assets.xcassets */; };
		8C6FACD128D1C17300566EA9 /* Preview Assets.xcassets in Resources */ = {isa = PBXBuildFile; fileRef = 8C6FACD028D1C17300566EA9 /* Preview Assets.xcassets */; };
		8C6FACDB28D1C17300566EA9 /* HackwichTwoTests.swift in Sources */ = {isa = PBXBuildFile; fileRef = 8C6FACDA28D1C17300566EA9 /* HackwichTwoTests.swift */; };
		8C6FACE528D1C17300566EA9 /* HackwichTwoUITests.swift in Sources */ = {isa = PBXBuildFile; fileRef = 8C6FACE428D1C17300566EA9 /* HackwichTwoUITests.swift */; };
		8C6FACE728D1C17300566EA9 /* HackwichTwoUITestsLaunchTests.swift in Sources */ = {isa = PBXBuildFile; fileRef = 8C6FACE628D1C17300566EA9 /* HackwichTwoUITestsLaunchTests.swift */; };
		8C6FACF428D1C57300566EA9 /* ViewController.swift in Sources */ = {isa = PBXBuildFile; fileRef = 8C6FACF328D1C57300566EA9 /* ViewController.swift */; };
		8C6FACF628D1C59A00566EA9 /* Storyboard.storyboard in Resources */ = {isa = PBXBuildFile; fileRef = 8C6FACF528D1C59A00566EA9 /* Storyboard.storyboard */; };
		8C6FACF828D1CBB000566EA9 /* ViewControllerTwo.swift in Sources */ = {isa = PBXBuildFile; fileRef = 8C6FACF728D1CBB000566EA9 /* ViewControllerTwo.swift */; };
/* End PBXBuildFile section */

/* Begin PBXContainerItemProxy section */
		8C6FACD728D1C17300566EA9 /* PBXContainerItemProxy */ = {
			isa = PBXContainerItemProxy;
			containerPortal = 8C6FACBE28D1C17000566EA9 /* Project object */;
			proxyType = 1;
			remoteGlobalIDString = 8C6FACC528D1C17000566EA9;
			remoteInfo = HackwichTwo;
		};
		8C6FACE128D1C17300566EA9 /* PBXContainerItemProxy */ = {
			isa = PBXContainerItemProxy;
			containerPortal = 8C6FACBE28D1C17000566EA9 /* Project object */;
			proxyType = 1;
			remoteGlobalIDString = 8C6FACC528D1C17000566EA9;
			remoteInfo = HackwichTwo;
		};
/* End PBXContainerItemProxy section */

/* Begin PBXFileReference section */
		8C6FACC628D1C17000566EA9 /* HackwichTwo.app */ = {isa = PBXFileReference; explicitFileType = wrapper.application; includeInIndex = 0; path = HackwichTwo.app; sourceTree = BUILT_PRODUCTS_DIR; };
		8C6FACC928D1C17000566EA9 /* HackwichTwoApp.swift */ = {isa = PBXFileReference; lastKnownFileType = sourcecode.swift; path = HackwichTwoApp.swift; sourceTree = "<group>"; };
		8C6FACCB28D1C17000566EA9 /* ContentView.swift */ = {isa = PBXFileReference; lastKnownFileType = sourcecode.swift; path = ContentView.swift; sourceTree = "<group>"; };
		8C6FACCD28D1C17300566EA9 /* Assets.xcassets */ = {isa = PBXFileReference; lastKnownFileType = folder.assetcatalog; path = Assets.xcassets; sourceTree = "<group>"; };
		8C6FACD028D1C17300566EA9 /* Preview Assets.xcassets */ = {isa = PBXFileReference; lastKnownFileType = folder.assetcatalog; path = "Preview Assets.xcassets"; sourceTree = "<group>"; };
		8C6FACD628D1C17300566EA9 /* HackwichTwoTests.xctest */ = {isa = PBXFileReference; explicitFileType = wrapper.cfbundle; includeInIndex = 0; path = HackwichTwoTests.xctest; sourceTree = BUILT_PRODUCTS_DIR; };
		8C6FACDA28D1C17300566EA9 /* HackwichTwoTests.swift */ = {isa = PBXFileReference; lastKnownFileType = sourcecode.swift; path = HackwichTwoTests.swift; sourceTree = "<group>"; };
		8C6FACE028D1C17300566EA9 /* HackwichTwoUITests.xctest */ = {isa = PBXFileReference; explicitFileType = wrapper.cfbundle; includeInIndex = 0; path = HackwichTwoUITests.xctest; sourceTree = BUILT_PRODUCTS_DIR; };
		8C6FACE428D1C17300566EA9 /* HackwichTwoUITests.swift */ = {isa = PBXFileReference; lastKnownFileType = sourcecode.swift; path = HackwichTwoUITests.swift; sourceTree = "<group>"; };
		8C6FACE628D1C17300566EA9 /* HackwichTwoUITestsLaunchTests.swift */ = {isa = PBXFileReference; lastKnownFileType = sourcecode.swift; path = HackwichTwoUITestsLaunchTests.swift; sourceTree = "<group>"; };
		8C6FACF328D1C57300566EA9 /* ViewController.swift */ = {isa = PBXFileReference; lastKnownFileType = sourcecode.swift; path = ViewController.swift; sourceTree = "<group>"; };
		8C6FACF528D1C59A00566EA9 /* Storyboard.storyboard */ = {isa = PBXFileReference; lastKnownFileType = file.storyboard; path = Storyboard.storyboard; sourceTree = "<group>"; };
		8C6FACF728D1CBB000566EA9 /* ViewControllerTwo.swift */ = {isa = PBXFileReference; lastKnownFileType = sourcecode.swift; path = ViewControllerTwo.swift; sourceTree = "<group>"; };
/* End PBXFileReference section */

/* Begin PBXFrameworksBuildPhase section */
		8C6FACC328D1C17000566EA9 /* Frameworks */ = {
			isa = PBXFrameworksBuildPhase;
			buildActionMask = 2147483647;
			files = (
			);
			runOnlyForDeploymentPostprocessing = 0;
		};
		8C6FACD328D1C17300566EA9 /* Frameworks */ = {
			isa = PBXFrameworksBuildPhase;
			buildActionMask = 2147483647;
			files = (
			);
			runOnlyForDeploymentPostprocessing = 0;
		};
		8C6FACDD28D1C17300566EA9 /* Frameworks */ = {
			isa = PBXFrameworksBuildPhase;
			buildActionMask = 2147483647;
			files = (
			);
			runOnlyForDeploymentPostprocessing = 0;
		};
/* End PBXFrameworksBuildPhase section */

/* Begin PBXGroup section */
		8C6FACBD28D1C17000566EA9 = {
			isa = PBXGroup;
			children = (
				8C6FACC828D1C17000566EA9 /* HackwichTwo */,
				8C6FACD928D1C17300566EA9 /* HackwichTwoTests */,
				8C6FACE328D1C17300566EA9 /* HackwichTwoUITests */,
				8C6FACC728D1C17000566EA9 /* Products */,
			);
			sourceTree = "<group>";
		};
		8C6FACC728D1C17000566EA9 /* Products */ = {
			isa = PBXGroup;
			children = (
				8C6FACC628D1C17000566EA9 /* HackwichTwo.app */,
				8C6FACD628D1C17300566EA9 /* HackwichTwoTests.xctest */,
				8C6FACE028D1C17300566EA9 /* HackwichTwoUITests.xctest */,
			);
			name = Products;
			sourceTree = "<group>";
		};
		8C6FACC828D1C17000566EA9 /* HackwichTwo */ = {
			isa = PBXGroup;
			children = (
				8C6FACC928D1C17000566EA9 /* HackwichTwoApp.swift */,
				8C6FACCB28D1C17000566EA9 /* ContentView.swift */,
				8C6FACF328D1C57300566EA9 /* ViewController.swift */,
				8C6FACF528D1C59A00566EA9 /* Storyboard.storyboard */,
				8C6FACF728D1CBB000566EA9 /* ViewControllerTwo.swift */,
				8C6FACCD28D1C17300566EA9 /* Assets.xcassets */,
				8C6FACCF28D1C17300566EA9 /* Preview Content */,
			);
			path = HackwichTwo;
			sourceTree = "<group>";
		};
		8C6FACCF28D1C17300566EA9 /* Preview Content */ = {
			isa = PBXGroup;
			children = (
				8C6FACD028D1C17300566EA9 /* Preview Assets.xcassets */,
			);
			path = "Preview Content";
			sourceTree = "<group>";
		};
		8C6FACD928D1C17300566EA9 /* HackwichTwoTests */ = {
			isa = PBXGroup;
			children = (
				8C6FACDA28D1C17300566EA9 /* HackwichTwoTests.swift */,
			);
			path = HackwichTwoTests;
			sourceTree = "<group>";
		};
		8C6FACE328D1C17300566EA9 /* HackwichTwoUITests */ = {
			isa = PBXGroup;
			children = (
				8C6FACE428D1C17300566EA9 /* HackwichTwoUITests.swift */,
				8C6FACE628D1C17300566EA9 /* HackwichTwoUITestsLaunchTests.swift */,
			);
			path = HackwichTwoUITests;
			sourceTree = "<group>";
		};
/* End PBXGroup section */

/* Begin PBXNativeTarget section */
		8C6FACC528D1C17000566EA9 /* HackwichTwo */ = {
			isa = PBXNativeTarget;
			buildConfigurationList = 8C6FACEA28D1C17300566EA9 /* Build configuration list for PBXNativeTarget "HackwichTwo" */;
			buildPhases = (
				8C6FACC228D1C17000566EA9 /* Sources */,
				8C6FACC328D1C17000566EA9 /* Frameworks */,
				8C6FACC428D1C17000566EA9 /* Resources */,
			);
			buildRules = (
			);
			dependencies = (
			);
			name = HackwichTwo;
			productName = HackwichTwo;
			productReference = 8C6FACC628D1C17000566EA9 /* HackwichTwo.app */;
			productType = "com.apple.product-type.application";
		};
		8C6FACD528D1C17300566EA9 /* HackwichTwoTests */ = {
			isa = PBXNativeTarget;
			buildConfigurationList = 8C6FACED28D1C17300566EA9 /* Build configuration list for PBXNativeTarget "HackwichTwoTests" */;
			buildPhases = (
				8C6FACD228D1C17300566EA9 /* Sources */,
				8C6FACD328D1C17300566EA9 /* Frameworks */,
				8C6FACD428D1C17300566EA9 /* Resources */,
			);
			buildRules = (
			);
			dependencies = (
				8C6FACD828D1C17300566EA9 /* PBXTargetDependency */,
			);
			name = HackwichTwoTests;
			productName = HackwichTwoTests;
			productReference = 8C6FACD628D1C17300566EA9 /* HackwichTwoTests.xctest */;
			productType = "com.apple.product-type.bundle.unit-test";
		};
		8C6FACDF28D1C17300566EA9 /* HackwichTwoUITests */ = {
			isa = PBXNativeTarget;
			buildConfigurationList = 8C6FACF028D1C17300566EA9 /* Build configuration list for PBXNativeTarget "HackwichTwoUITests" */;
			buildPhases = (
				8C6FACDC28D1C17300566EA9 /* Sources */,
				8C6FACDD28D1C17300566EA9 /* Frameworks */,
				8C6FACDE28D1C17300566EA9 /* Resources */,
			);
			buildRules = (
			);
			dependencies = (
				8C6FACE228D1C17300566EA9 /* PBXTargetDependency */,
			);
			name = HackwichTwoUITests;
			productName = HackwichTwoUITests;
			productReference = 8C6FACE028D1C17300566EA9 /* HackwichTwoUITests.xctest */;
			productType = "com.apple.product-type.bundle.ui-testing";
		};
/* End PBXNativeTarget section */

/* Begin PBXProject section */
		8C6FACBE28D1C17000566EA9 /* Project object */ = {
			isa = PBXProject;
			attributes = {
				BuildIndependentTargetsInParallel = 1;
				LastSwiftUpdateCheck = 1340;
				LastUpgradeCheck = 1340;
				TargetAttributes = {
					8C6FACC528D1C17000566EA9 = {
						CreatedOnToolsVersion = 13.4.1;
					};
					8C6FACD528D1C17300566EA9 = {
						CreatedOnToolsVersion = 13.4.1;
						TestTargetID = 8C6FACC528D1C17000566EA9;
					};
					8C6FACDF28D1C17300566EA9 = {
						CreatedOnToolsVersion = 13.4.1;
						TestTargetID = 8C6FACC528D1C17000566EA9;
					};
				};
			};
			buildConfigurationList = 8C6FACC128D1C17000566EA9 /* Build configuration list for PBXProject "HackwichTwo" */;
			compatibilityVersion = "Xcode 13.0";
			developmentRegion = en;
			hasScannedForEncodings = 0;
			knownRegions = (
				en,
				Base,
			);
			mainGroup = 8C6FACBD28D1C17000566EA9;
			productRefGroup = 8C6FACC728D1C17000566EA9 /* Products */;
			projectDirPath = "";
			projectRoot = "";
			targets = (
				8C6FACC528D1C17000566EA9 /* HackwichTwo */,
				8C6FACD528D1C17300566EA9 /* HackwichTwoTests */,
				8C6FACDF28D1C17300566EA9 /* HackwichTwoUITests */,
			);
		};
/* End PBXProject section */

/* Begin PBXResourcesBuildPhase section */
		8C6FACC428D1C17000566EA9 /* Resources */ = {
			isa = PBXResourcesBuildPhase;
			buildActionMask = 2147483647;
			files = (
				8C6FACD128D1C17300566EA9 /* Preview Assets.xcassets in Resources */,
				8C6FACCE28D1C17300566EA9 /* Assets.xcassets in Resources */,
				8C6FACF628D1C59A00566EA9 /* Storyboard.storyboard in Resources */,
			);
			runOnlyForDeploymentPostprocessing = 0;
		};
		8C6FACD428D1C17300566EA9 /* Resources */ = {
			isa = PBXResourcesBuildPhase;
			buildActionMask = 2147483647;
			files = (
			);
			runOnlyForDeploymentPostprocessing = 0;
		};
		8C6FACDE28D1C17300566EA9 /* Resources */ = {
			isa = PBXResourcesBuildPhase;
			buildActionMask = 2147483647;
			files = (
			);
			runOnlyForDeploymentPostprocessing = 0;
		};
/* End PBXResourcesBuildPhase section */

/* Begin PBXSourcesBuildPhase section */
		8C6FACC228D1C17000566EA9 /* Sources */ = {
			isa = PBXSourcesBuildPhase;
			buildActionMask = 2147483647;
			files = (
				8C6FACF428D1C57300566EA9 /* ViewController.swift in Sources */,
				8C6FACCC28D1C17000566EA9 /* ContentView.swift in Sources */,
				8C6FACCA28D1C17000566EA9 /* HackwichTwoApp.swift in Sources */,
				8C6FACF828D1CBB000566EA9 /* ViewControllerTwo.swift in Sources */,
			);
			runOnlyForDeploymentPostprocessing = 0;
		};
		8C6FACD228D1C17300566EA9 /* Sources */ = {
			isa = PBXSourcesBuildPhase;
			buildActionMask = 2147483647;
			files = (
				8C6FACDB28D1C17300566EA9 /* HackwichTwoTests.swift in Sources */,
			);
			runOnlyForDeploymentPostprocessing = 0;
		};
		8C6FACDC28D1C17300566EA9 /* Sources */ = {
			isa = PBXSourcesBuildPhase;
			buildActionMask = 2147483647;
			files = (
				8C6FACE528D1C17300566EA9 /* HackwichTwoUITests.swift in Sources */,
				8C6FACE728D1C17300566EA9 /* HackwichTwoUITestsLaunchTests.swift in Sources */,
			);
			runOnlyForDeploymentPostprocessing = 0;
		};
/* End PBXSourcesBuildPhase section */

/* Begin PBXTargetDependency section */
		8C6FACD828D1C17300566EA9 /* PBXTargetDependency */ = {
			isa = PBXTargetDependency;
			target = 8C6FACC528D1C17000566EA9 /* HackwichTwo */;
			targetProxy = 8C6FACD728D1C17300566EA9 /* PBXContainerItemProxy */;
		};
		8C6FACE228D1C17300566EA9 /* PBXTargetDependency */ = {
			isa = PBXTargetDependency;
			target = 8C6FACC528D1C17000566EA9 /* HackwichTwo */;
			targetProxy = 8C6FACE128D1C17300566EA9 /* PBXContainerItemProxy */;
		};
/* End PBXTargetDependency section */

/* Begin XCBuildConfiguration section */
		8C6FACE828D1C17300566EA9 /* Debug */ = {
			isa = XCBuildConfiguration;
			buildSettings = {
				ALWAYS_SEARCH_USER_PATHS = NO;
				CLANG_ANALYZER_NONNULL = YES;
				CLANG_ANALYZER_NUMBER_OBJECT_CONVERSION = YES_AGGRESSIVE;
				CLANG_CXX_LANGUAGE_STANDARD = "gnu++17";
				CLANG_ENABLE_MODULES = YES;
				CLANG_ENABLE_OBJC_ARC = YES;
				CLANG_ENABLE_OBJC_WEAK = YES;
				CLANG_WARN_BLOCK_CAPTURE_AUTORELEASING = YES;
				CLANG_WARN_BOOL_CONVERSION = YES;
				CLANG_WARN_COMMA = YES;
				CLANG_WARN_CONSTANT_CONVERSION = YES;
				CLANG_WARN_DEPRECATED_OBJC_IMPLEMENTATIONS = YES;
				CLANG_WARN_DIRECT_OBJC_ISA_USAGE = YES_ERROR;
				CLANG_WARN_DOCUMENTATION_COMMENTS = YES;
				CLANG_WARN_EMPTY_BODY = YES;
				CLANG_WARN_ENUM_CONVERSION = YES;
				CLANG_WARN_INFINITE_RECURSION = YES;
				CLANG_WARN_INT_CONVERSION = YES;
				CLANG_WARN_NON_LITERAL_NULL_CONVERSION = YES;
				CLANG_WARN_OBJC_IMPLICIT_RETAIN_SELF = YES;
				CLANG_WARN_OBJC_LITERAL_CONVERSION = YES;
				CLANG_WARN_OBJC_ROOT_CLASS = YES_ERROR;
				CLANG_WARN_QUOTED_INCLUDE_IN_FRAMEWORK_HEADER = YES;
				CLANG_WARN_RANGE_LOOP_ANALYSIS = YES;
				CLANG_WARN_STRICT_PROTOTYPES = YES;
				CLANG_WARN_SUSPICIOUS_MOVE = YES;
				CLANG_WARN_UNGUARDED_AVAILABILITY = YES_AGGRESSIVE;
				CLANG_WARN_UNREACHABLE_CODE = YES;
				CLANG_WARN__DUPLICATE_METHOD_MATCH = YES;
				COPY_PHASE_STRIP = NO;
				DEBUG_INFORMATION_FORMAT = dwarf;
				ENABLE_STRICT_OBJC_MSGSEND = YES;
				ENABLE_TESTABILITY = YES;
				GCC_C_LANGUAGE_STANDARD = gnu11;
				GCC_DYNAMIC_NO_PIC = NO;
				GCC_NO_COMMON_BLOCKS = YES;
				GCC_OPTIMIZATION_LEVEL = 0;
				GCC_PREPROCESSOR_DEFINITIONS = (
					"DEBUG=1",
					"$(inherited)",
				);
				GCC_WARN_64_TO_32_BIT_CONVERSION = YES;
				GCC_WARN_ABOUT_RETURN_TYPE = YES_ERROR;
				GCC_WARN_UNDECLARED_SELECTOR = YES;
				GCC_WARN_UNINITIALIZED_AUTOS = YES_AGGRESSIVE;
				GCC_WARN_UNUSED_FUNCTION = YES;
				GCC_WARN_UNUSED_VARIABLE = YES;
				IPHONEOS_DEPLOYMENT_TARGET = 15.5;
				MTL_ENABLE_DEBUG_INFO = INCLUDE_SOURCE;
				MTL_FAST_MATH = YES;
				ONLY_ACTIVE_ARCH = YES;
				SDKROOT = iphoneos;
				SWIFT_ACTIVE_COMPILATION_CONDITIONS = DEBUG;
				SWIFT_OPTIMIZATION_LEVEL = "-Onone";
			};
			name = Debug;
		};
		8C6FACE928D1C17300566EA9 /* Release */ = {
			isa = XCBuildConfiguration;
			buildSettings = {
				ALWAYS_SEARCH_USER_PATHS = NO;
				CLANG_ANALYZER_NONNULL = YES;
				CLANG_ANALYZER_NUMBER_OBJECT_CONVERSION = YES_AGGRESSIVE;
				CLANG_CXX_LANGUAGE_STANDARD = "gnu++17";
				CLANG_ENABLE_MODULES = YES;
				CLANG_ENABLE_OBJC_ARC = YES;
				CLANG_ENABLE_OBJC_WEAK = YES;
				CLANG_WARN_BLOCK_CAPTURE_AUTORELEASING = YES;
				CLANG_WARN_BOOL_CONVERSION = YES;
				CLANG_WARN_COMMA = YES;
				CLANG_WARN_CONSTANT_CONVERSION = YES;
				CLANG_WARN_DEPRECATED_OBJC_IMPLEMENTATIONS = YES;
				CLANG_WARN_DIRECT_OBJC_ISA_USAGE = YES_ERROR;
				CLANG_WARN_DOCUMENTATION_COMMENTS = YES;
				CLANG_WARN_EMPTY_BODY = YES;
				CLANG_WARN_ENUM_CONVERSION = YES;
				CLANG_WARN_INFINITE_RECURSION = YES;
				CLANG_WARN_INT_CONVERSION = YES;
				CLANG_WARN_NON_LITERAL_NULL_CONVERSION = YES;
				CLANG_WARN_OBJC_IMPLICIT_RETAIN_SELF = YES;
				CLANG_WARN_OBJC_LITERAL_CONVERSION = YES;
				CLANG_WARN_OBJC_ROOT_CLASS = YES_ERROR;
				CLANG_WARN_QUOTED_INCLUDE_IN_FRAMEWORK_HEADER = YES;
				CLANG_WARN_RANGE_LOOP_ANALYSIS = YES;
				CLANG_WARN_STRICT_PROTOTYPES = YES;
				CLANG_WARN_SUSPICIOUS_MOVE = YES;
				CLANG_WARN_UNGUARDED_AVAILABILITY = YES_AGGRESSIVE;
				CLANG_WARN_UNREACHABLE_CODE = YES;
				CLANG_WARN__DUPLICATE_METHOD_MATCH = YES;
				COPY_PHASE_STRIP = NO;
				DEBUG_INFORMATION_FORMAT = "dwarf-with-dsym";
				ENABLE_NS_ASSERTIONS = NO;
				ENABLE_STRICT_OBJC_MSGSEND = YES;
				GCC_C_LANGUAGE_STANDARD = gnu11;
				GCC_NO_COMMON_BLOCKS = YES;
				GCC_WARN_64_TO_32_BIT_CONVERSION = YES;
				GCC_WARN_ABOUT_RETURN_TYPE = YES_ERROR;
				GCC_WARN_UNDECLARED_SELECTOR = YES;
				GCC_WARN_UNINITIALIZED_AUTOS = YES_AGGRESSIVE;
				GCC_WARN_UNUSED_FUNCTION = YES;
				GCC_WARN_UNUSED_VARIABLE = YES;
				IPHONEOS_DEPLOYMENT_TARGET = 15.5;
				MTL_ENABLE_DEBUG_INFO = NO;
				MTL_FAST_MATH = YES;
				SDKROOT = iphoneos;
				SWIFT_COMPILATION_MODE = wholemodule;
				SWIFT_OPTIMIZATION_LEVEL = "-O";
				VALIDATE_PRODUCT = YES;
			};
			name = Release;
		};
		8C6FACEB28D1C17300566EA9 /* Debug */ = {
			isa = XCBuildConfiguration;
			buildSettings = {
				ASSETCATALOG_COMPILER_APPICON_NAME = AppIcon;
				ASSETCATALOG_COMPILER_GLOBAL_ACCENT_COLOR_NAME = AccentColor;
				CODE_SIGN_STYLE = Automatic;
				CURRENT_PROJECT_VERSION = 1;
				DEVELOPMENT_ASSET_PATHS = "\"HackwichTwo/Preview Content\"";
				DEVELOPMENT_TEAM = KP23C8BJF5;
				ENABLE_PREVIEWS = YES;
				GENERATE_INFOPLIST_FILE = YES;
				INFOPLIST_KEY_UIApplicationSceneManifest_Generation = YES;
				INFOPLIST_KEY_UIApplicationSupportsIndirectInputEvents = YES;
				INFOPLIST_KEY_UILaunchScreen_Generation = YES;
				INFOPLIST_KEY_UISupportedInterfaceOrientations_iPad = "UIInterfaceOrientationPortrait UIInterfaceOrientationPortraitUpsideDown UIInterfaceOrientationLandscapeLeft UIInterfaceOrientationLandscapeRight";
				INFOPLIST_KEY_UISupportedInterfaceOrientations_iPhone = "UIInterfaceOrientationPortrait UIInterfaceOrientationLandscapeLeft UIInterfaceOrientationLandscapeRight";
				LD_RUNPATH_SEARCH_PATHS = (
					"$(inherited)",
					"@executable_path/Frameworks",
				);
				MARKETING_VERSION = 1.0;
				PRODUCT_BUNDLE_IDENTIFIER = UHWO.HackwichTwo;
				PRODUCT_NAME = "$(TARGET_NAME)";
				SWIFT_EMIT_LOC_STRINGS = YES;
				SWIFT_VERSION = 5.0;
				TARGETED_DEVICE_FAMILY = "1,2";
			};
			name = Debug;
		};
		8C6FACEC28D1C17300566EA9 /* Release */ = {
			isa = XCBuildConfiguration;
			buildSettings = {
				ASSETCATALOG_COMPILER_APPICON_NAME = AppIcon;
				ASSETCATALOG_COMPILER_GLOBAL_ACCENT_COLOR_NAME = AccentColor;
				CODE_SIGN_STYLE = Automatic;
				CURRENT_PROJECT_VERSION = 1;
				DEVELOPMENT_ASSET_PATHS = "\"HackwichTwo/Preview Content\"";
				DEVELOPMENT_TEAM = KP23C8BJF5;
				ENABLE_PREVIEWS = YES;
				GENERATE_INFOPLIST_FILE = YES;
				INFOPLIST_KEY_UIApplicationSceneManifest_Generation = YES;
				INFOPLIST_KEY_UIApplicationSupportsIndirectInputEvents = YES;
				INFOPLIST_KEY_UILaunchScreen_Generation = YES;
				INFOPLIST_KEY_UISupportedInterfaceOrientations_iPad = "UIInterfaceOrientationPortrait UIInterfaceOrientationPortraitUpsideDown UIInterfaceOrientationLandscapeLeft UIInterfaceOrientationLandscapeRight";
				INFOPLIST_KEY_UISupportedInterfaceOrientations_iPhone = "UIInterfaceOrientationPortrait UIInterfaceOrientationLandscapeLeft UIInterfaceOrientationLandscapeRight";
				LD_RUNPATH_SEARCH_PATHS = (
					"$(inherited)",
					"@executable_path/Frameworks",
				);
				MARKETING_VERSION = 1.0;
				PRODUCT_BUNDLE_IDENTIFIER = UHWO.HackwichTwo;
				PRODUCT_NAME = "$(TARGET_NAME)";
				SWIFT_EMIT_LOC_STRINGS = YES;
				SWIFT_VERSION = 5.0;
				TARGETED_DEVICE_FAMILY = "1,2";
			};
			name = Release;
		};
		8C6FACEE28D1C17300566EA9 /* Debug */ = {
			isa = XCBuildConfiguration;
			buildSettings = {
				ALWAYS_EMBED_SWIFT_STANDARD_LIBRARIES = YES;
				BUNDLE_LOADER = "$(TEST_HOST)";
				CODE_SIGN_STYLE = Automatic;
				CURRENT_PROJECT_VERSION = 1;
				DEVELOPMENT_TEAM = KP23C8BJF5;
				GENERATE_INFOPLIST_FILE = YES;
				IPHONEOS_DEPLOYMENT_TARGET = 15.5;
				MARKETING_VERSION = 1.0;
				PRODUCT_BUNDLE_IDENTIFIER = UHWO.HackwichTwoTests;
				PRODUCT_NAME = "$(TARGET_NAME)";
				SWIFT_EMIT_LOC_STRINGS = NO;
				SWIFT_VERSION = 5.0;
				TARGETED_DEVICE_FAMILY = "1,2";
				TEST_HOST = "$(BUILT_PRODUCTS_DIR)/HackwichTwo.app/HackwichTwo";
			};
			name = Debug;
		};
		8C6FACEF28D1C17300566EA9 /* Release */ = {
			isa = XCBuildConfiguration;
			buildSettings = {
				ALWAYS_EMBED_SWIFT_STANDARD_LIBRARIES = YES;
				BUNDLE_LOADER = "$(TEST_HOST)";
				CODE_SIGN_STYLE = Automatic;
				CURRENT_PROJECT_VERSION = 1;
				DEVELOPMENT_TEAM = KP23C8BJF5;
				GENERATE_INFOPLIST_FILE = YES;
				IPHONEOS_DEPLOYMENT_TARGET = 15.5;
				MARKETING_VERSION = 1.0;
				PRODUCT_BUNDLE_IDENTIFIER = UHWO.HackwichTwoTests;
				PRODUCT_NAME = "$(TARGET_NAME)";
				SWIFT_EMIT_LOC_STRINGS = NO;
				SWIFT_VERSION = 5.0;
				TARGETED_DEVICE_FAMILY = "1,2";
				TEST_HOST = "$(BUILT_PRODUCTS_DIR)/HackwichTwo.app/HackwichTwo";
			};
			name = Release;
		};
		8C6FACF128D1C17300566EA9 /* Debug */ = {
			isa = XCBuildConfiguration;
			buildSettings = {
				ALWAYS_EMBED_SWIFT_STANDARD_LIBRARIES = YES;
				CODE_SIGN_STYLE = Automatic;
				CURRENT_PROJECT_VERSION = 1;
				DEVELOPMENT_TEAM = KP23C8BJF5;
				GENERATE_INFOPLIST_FILE = YES;
				MARKETING_VERSION = 1.0;
				PRODUCT_BUNDLE_IDENTIFIER = UHWO.HackwichTwoUITests;
				PRODUCT_NAME = "$(TARGET_NAME)";
				SWIFT_EMIT_LOC_STRINGS = NO;
				SWIFT_VERSION = 5.0;
				TARGETED_DEVICE_FAMILY = "1,2";
				TEST_TARGET_NAME = HackwichTwo;
			};
			name = Debug;
		};
		8C6FACF228D1C17300566EA9 /* Release */ = {
			isa = XCBuildConfiguration;
			buildSettings = {
				ALWAYS_EMBED_SWIFT_STANDARD_LIBRARIES = YES;
				CODE_SIGN_STYLE = Automatic;
				CURRENT_PROJECT_VERSION = 1;
				DEVELOPMENT_TEAM = KP23C8BJF5;
				GENERATE_INFOPLIST_FILE = YES;
				MARKETING_VERSION = 1.0;
				PRODUCT_BUNDLE_IDENTIFIER = UHWO.HackwichTwoUITests;
				PRODUCT_NAME = "$(TARGET_NAME)";
				SWIFT_EMIT_LOC_STRINGS = NO;
				SWIFT_VERSION = 5.0;
				TARGETED_DEVICE_FAMILY = "1,2";
				TEST_TARGET_NAME = HackwichTwo;
			};
			name = Release;
		};
/* End XCBuildConfiguration section */

/* Begin XCConfigurationList section */
		8C6FACC128D1C17000566EA9 /* Build configuration list for PBXProject "HackwichTwo" */ = {
			isa = XCConfigurationList;
			buildConfigurations = (
				8C6FACE828D1C17300566EA9 /* Debug */,
				8C6FACE928D1C17300566EA9 /* Release */,
			);
			defaultConfigurationIsVisible = 0;
			defaultConfigurationName = Release;
		};
		8C6FACEA28D1C17300566EA9 /* Build configuration list for PBXNativeTarget "HackwichTwo" */ = {
			isa = XCConfigurationList;
			buildConfigurations = (
				8C6FACEB28D1C17300566EA9 /* Debug */,
				8C6FACEC28D1C17300566EA9 /* Release */,
			);
			defaultConfigurationIsVisible = 0;
			defaultConfigurationName = Release;
		};
		8C6FACED28D1C17300566EA9 /* Build configuration list for PBXNativeTarget "HackwichTwoTests" */ = {
			isa = XCConfigurationList;
			buildConfigurations = (
				8C6FACEE28D1C17300566EA9 /* Debug */,
				8C6FACEF28D1C17300566EA9 /* Release */,
			);
			defaultConfigurationIsVisible = 0;
			defaultConfigurationName = Release;
		};
		8C6FACF028D1C17300566EA9 /* Build configuration list for PBXNativeTarget "HackwichTwoUITests" */ = {
			isa = XCConfigurationList;
			buildConfigurations = (
				8C6FACF128D1C17300566EA9 /* Debug */,
				8C6FACF228D1C17300566EA9 /* Release */,
			);
			defaultConfigurationIsVisible = 0;
			defaultConfigurationName = Release;
		};
/* End XCConfigurationList section */
	};
	rootObject = 8C6FACBE28D1C17000566EA9 /* Project object */;
}
